
Microsoft Visual Studio Solution File, Format Version 12.00
# Visual Studio Version 17
VisualStudioVersion = 17.3.32825.248
MinimumVisualStudioVersion = 10.0.40219.1
Project("{FAE04EC0-301F-11D3-BF4B-00C04F79EFBC}") = "SelectStatementExcercise1", "SelectStatementExcercise1\SelectStatementExcercise1.csproj", "{09EB12E3-0826-48EA-BD56-7F50C1FC1AE0}"
EndProject
Global
	GlobalSection(SolutionConfigurationPlatforms) = preSolution
		Debug|Any CPU = Debug|Any CPU
		Release|Any CPU = Release|Any CPU
	EndGlobalSection
	GlobalSection(ProjectConfigurationPlatforms) = postSolution
		{09EB12E3-0826-48EA-BD56-7F50C1FC1AE0}.Debug|Any CPU.ActiveCfg = Debug|Any CPU
		{09EB12E3-0826-48EA-BD56-7F50C1FC1AE0}.Debug|Any CPU.Build.0 = Debug|Any CPU
		{09EB12E3-0826-48EA-BD56-7F50C1FC1AE0}.Release|Any CPU.ActiveCfg = Release|Any CPU
		{09EB12E3-0826-48EA-BD56-7F50C1FC1AE0}.Release|Any CPU.Build.0 = Release|Any CPU
	EndGlobalSection
	GlobalSection(SolutionProperties) = preSolution
		HideSolutionNode = FALSE
	EndGlobalSection
	GlobalSection(ExtensibilityGlobals) = postSolution
		SolutionGuid = {C2293645-10CD-4DCF-B5C9-15351418BC4C}
	EndGlobalSection
EndGlobal
